
Microsoft Visual Studio Solution File, Format Version 12.00
# Visual Studio Version 16
VisualStudioVersion = 16.0.28803.156
MinimumVisualStudioVersion = 10.0.40219.1
Project("{FAE04EC0-301F-11D3-BF4B-00C04F79EFBC}") = "Database conventer", "Database conventer\Database conventer.csproj", "{DA08B89E-3242-428A-BA27-12DD1FBE57DE}"
EndProject
Project("{FAE04EC0-301F-11D3-BF4B-00C04F79EFBC}") = "Database conventer Unit tests", "Database conventer Unit tests\Database conventer Unit tests.csproj", "{51756E01-D84A-446C-A9A5-23DFCD2E2A35}"
EndProject
Global
	GlobalSection(SolutionConfigurationPlatforms) = preSolution
		Debug|Any CPU = Debug|Any CPU
		Release|Any CPU = Release|Any CPU
	EndGlobalSection
	GlobalSection(ProjectConfigurationPlatforms) = postSolution
		{DA08B89E-3242-428A-BA27-12DD1FBE57DE}.Debug|Any CPU.ActiveCfg = Debug|Any CPU
		{DA08B89E-3242-428A-BA27-12DD1FBE57DE}.Debug|Any CPU.Build.0 = Debug|Any CPU
		{DA08B89E-3242-428A-BA27-12DD1FBE57DE}.Release|Any CPU.ActiveCfg = Release|Any CPU
		{DA08B89E-3242-428A-BA27-12DD1FBE57DE}.Release|Any CPU.Build.0 = Release|Any CPU
		{51756E01-D84A-446C-A9A5-23DFCD2E2A35}.Debug|Any CPU.ActiveCfg = Debug|Any CPU
		{51756E01-D84A-446C-A9A5-23DFCD2E2A35}.Debug|Any CPU.Build.0 = Debug|Any CPU
		{51756E01-D84A-446C-A9A5-23DFCD2E2A35}.Release|Any CPU.ActiveCfg = Release|Any CPU
		{51756E01-D84A-446C-A9A5-23DFCD2E2A35}.Release|Any CPU.Build.0 = Release|Any CPU
	EndGlobalSection
	GlobalSection(SolutionProperties) = preSolution
		HideSolutionNode = FALSE
	EndGlobalSection
	GlobalSection(ExtensibilityGlobals) = postSolution
		SolutionGuid = {365A9558-9422-43A5-9E79-47325EE93E90}
	EndGlobalSection
EndGlobal
