
Microsoft Visual Studio Solution File, Format Version 12.00
# Visual Studio Version 16
VisualStudioVersion = 16.0.28803.352
MinimumVisualStudioVersion = 10.0.40219.1
Project("{FAE04EC0-301F-11D3-BF4B-00C04F79EFBC}") = "MVVMTest", "MVVMTest\MVVMTest.csproj", "{EEA1E5EE-18EE-4B2B-8B68-5F67746339A2}"
EndProject
Global
	GlobalSection(SolutionConfigurationPlatforms) = preSolution
		Debug|Any CPU = Debug|Any CPU
		Release|Any CPU = Release|Any CPU
	EndGlobalSection
	GlobalSection(ProjectConfigurationPlatforms) = postSolution
		{EEA1E5EE-18EE-4B2B-8B68-5F67746339A2}.Debug|Any CPU.ActiveCfg = Debug|Any CPU
		{EEA1E5EE-18EE-4B2B-8B68-5F67746339A2}.Debug|Any CPU.Build.0 = Debug|Any CPU
		{EEA1E5EE-18EE-4B2B-8B68-5F67746339A2}.Release|Any CPU.ActiveCfg = Release|Any CPU
		{EEA1E5EE-18EE-4B2B-8B68-5F67746339A2}.Release|Any CPU.Build.0 = Release|Any CPU
	EndGlobalSection
	GlobalSection(SolutionProperties) = preSolution
		HideSolutionNode = FALSE
	EndGlobalSection
	GlobalSection(ExtensibilityGlobals) = postSolution
		SolutionGuid = {2587B21D-2D01-4A00-9A91-F81F01A8B742}
	EndGlobalSection
EndGlobal
